schema: '2.0'
stages:
  prepare:
    cmd: python src/prepare.py
    deps:
    - path: src/prepare.py
      hash: md5
      md5: 998c9b1ccb96c1b9bfcf7b3efe44ca84
      size: 410
    outs:
    - path: data/raw
      hash: md5
      md5: ef4a9fac2897e2992768d71dd539610a.dir
      size: 30869925
      nfiles: 1
  preprocess:
    cmd: python src/preprocess.py
    deps:
    - path: data/raw
      hash: md5
      md5: ef4a9fac2897e2992768d71dd539610a.dir
      size: 30869925
      nfiles: 1
    - path: src/preprocess.py
      hash: md5
      md5: ea28f5534c97586a21d54afe6ddeb45a
      size: 845
    params:
      params.yaml:
        preprocess.seed: 42
        preprocess.test_size: 0.1
    outs:
    - path: data/processed
      hash: md5
      md5: 930df0d8bf7a68218d4aea66ab76a34a.dir
      size: 44928517
      nfiles: 1
  train:
    cmd: python src/train.py
    deps:
    - path: data/processed
      hash: md5
      md5: 8cd46ef9d09cdf798823af05987280cc.dir
      size: 45395143
      nfiles: 1
    - path: src/train.py
      hash: md5
      md5: 4e2034e6f664ce9abf75c6ffb860ce27
      size: 951
    params:
      params.yaml:
        train.batch_size: 64
        train.dense_units: 512
        train.dropout_rate: 0.2
        train.epochs: 10
        train.learning_rate: 0.001
    outs:
    - path: models/history.csv
      hash: md5
      md5: 619a50dc922fdc0ca1f7ade0d949ce8e
      size: 811
    - path: models/model.h5
      hash: md5
      md5: 510ee8bc2784e35ceb76a779766f8e04
      size: 4910168
  evaluate:
    cmd: python src/evaluate.py
    deps:
    - path: data/processed
      hash: md5
      md5: 8cd46ef9d09cdf798823af05987280cc.dir
      size: 45395143
      nfiles: 1
    - path: models/model.h5
      hash: md5
      md5: 510ee8bc2784e35ceb76a779766f8e04
      size: 4910168
    - path: src/evaluate.py
      hash: md5
      md5: 174cf90b8df8d96f1755aaa78c7b6ca0
      size: 712
    outs:
    - path: confusion_matrix.png
      hash: md5
      md5: 02949afe086f14e30f1da627c100fe16
      size: 71344
    - path: metrics.json
      hash: md5
      md5: 3d8f75cb56ce12f9846cf12f453a3f57
      size: 80
