schema: '2.0'
stages:
  prepare:
    cmd: python src/prepare.py
    deps:
    - path: src/prepare.py
      hash: md5
      md5: 998c9b1ccb96c1b9bfcf7b3efe44ca84
      size: 410
    outs:
    - path: data/raw
      hash: md5
      md5: ef4a9fac2897e2992768d71dd539610a.dir
      size: 30869925
      nfiles: 1
  preprocess:
    cmd: python src/preprocess.py
    deps:
    - path: data/raw
      hash: md5
      md5: ef4a9fac2897e2992768d71dd539610a.dir
      size: 30869925
      nfiles: 1
    - path: src/preprocess.py
      hash: md5
      md5: 13929863d16be5a63fc1e655f83e0763
      size: 921
    params:
      params.yaml:
        preprocess.seed: 42
        preprocess.test_size: 0.1
    outs:
    - path: data/processed
      hash: md5
      md5: 0a80d5f1cbbd1688d5d60785c6c646cf.dir
      size: 45655578
      nfiles: 1
  train:
    cmd: python src/train.py
    deps:
    - path: data/processed
      hash: md5
      md5: 0a80d5f1cbbd1688d5d60785c6c646cf.dir
      size: 45655578
      nfiles: 1
    - path: src/train.py
      hash: md5
      md5: 4e2034e6f664ce9abf75c6ffb860ce27
      size: 951
    params:
      params.yaml:
        train.batch_size: 64
        train.dense_units: 512
        train.dropout_rate: 0.2
        train.epochs: 10
        train.learning_rate: 0.001
    outs:
    - path: models/history.csv
      hash: md5
      md5: 2d8ba3a4a592494b94ff55bff0e25985
      size: 813
    - path: models/model.h5
      hash: md5
      md5: 91781d0a15ccbf113786660b71503a2f
      size: 4910168
  evaluate:
    cmd: python src/evaluate.py
    deps:
    - path: data/processed
      hash: md5
      md5: 0a80d5f1cbbd1688d5d60785c6c646cf.dir
      size: 45655578
      nfiles: 1
    - path: models/model.h5
      hash: md5
      md5: 91781d0a15ccbf113786660b71503a2f
      size: 4910168
    - path: src/evaluate.py
      hash: md5
      md5: 174cf90b8df8d96f1755aaa78c7b6ca0
      size: 712
    outs:
    - path: confusion_matrix.png
      hash: md5
      md5: 6cccb21137893b8912bfbd8fb6ec23ac
      size: 71103
    - path: metrics.json
      hash: md5
      md5: b8ee75e9c02309b2f36d76302c6eae0f
      size: 79
